version = 1
revision = 3
requires-python = ">=3.12"

[[package]]
name = "grpcio"
version = "1.83.0"
source = { registry = "https://mirrors.cloud.tencent.com/pypi/simple/" }
dependencies = [
    { name = "typing-extensions" },
]
sdist = { url = "https://mirrors.cloud.tencent.com/pypi/packages/0c/98/304898ac4e04e2d5e4e4c2eadc178b1f2a16d5f4bc2f91306c87d64680b9/grpcio-1.83.0.tar.gz", hash = "sha256:7674587248fbbb2ac6e4eecf83a8a0f3d91a928f941de571acfd3a2f007fbc24" }
wheels = [
    { url = "https://mirrors.cloud.tencent.com/pypi/packages/15/2b/51e32514a4e9b715375c99721aadff0f24164cc2049b8269eda4de82a814/grpcio-1.83.0-cp312-cp312-linux_armv7l.whl", hash = "sha256:28f6c35ac8fcf10e4594f138e468f194360089dde40d126a7033e863fc479930" },
    { url = "https://mirrors.cloud.tencent.com/pypi/packages/39/33/b5b50fc2c6fbe350e04814047bb2d409feec7b36ef8b170254c050e06bc0/grpcio-1.83.0-cp312-cp312-macosx_11_0_universal2.whl", hash = "sha256:33898e6a28e4ae598f1577cb1c4fec2a15c033d0ec52b9b45a09610dd045b9da" },
    { url = "https://mirrors.cloud.tencent.com/pypi/packages/7b/5f/734e72e7b9f79bcf0b2c270b8d3bca0e4ebb97a27a50d06240b145f6d41e/grpcio-1.83.0-cp312-cp312-manylinux2014_aarch64.manylinux_2_17_aarch64.whl", hash = "sha256:6fb8a1dd0c6f0f931e69e9d0dc6d1c406ed2a44fa963414eafba07b7fb685d16" },
    { url = "https://mirrors.cloud.tencent.com/pypi/packages/a4/17/a1735f215b2a5cd43c38b79eac072ad197e61be9829905b6b29550abd0db/grpcio-1.83.0-cp312-cp312-manylinux2014_i686.manylinux_2_17_i686.whl", hash = "sha256:2b5e75c34842cd9c1b95285ca395c6a569664b81e3ffa6b714125922942abaaf" },
    { url = "https://mirrors.cloud.tencent.com/pypi/packages/b2/78/c9e81f806ac704b6b145cb01628db398985b1f8dfdc10e23b55fb0902b3d/grpcio-1.83.0-cp312-cp312-manylinux2014_x86_64.manylinux_2_17_x86_64.whl", hash = "sha256:aeb339838db07600481ef869507279b75326c75eac6d10f7afa62a0da1d2bcdd" },
    { url = "https://mirrors.cloud.tencent.com/pypi/packages/9a/ba/94cd5af859876049d340480acbb61a959096c84b567f215534faa78d0424/grpcio-1.83.0-cp312-cp312-musllinux_1_2_aarch64.whl", hash = "sha256:f47d62808b4c0a97b78bff88a6d4ca283a2a492b9a04a87d814af95ca3b9c19c" },
    { url = "https://mirrors.cloud.tencent.com/pypi/packages/3e/15/108d30d5a5c964312ae8b9cb0e8cc5b3c1cc68d8f757cca52b3565534d26/grpcio-1.83.0-cp312-cp312-musllinux_1_2_i686.whl", hash = "sha256:62003babc444a606dcd1f009cd16391ce23669ae4ad6ec267a873da7937a69f5" },
    { url = "https://mirrors.cloud.tencent.com/pypi/packages/ea/23/3828ae13c3db8233d123ad612747665817b952d8a954f32390230b582336/grpcio-1.83.0-cp312-cp312-musllinux_1_2_x86_64.whl", hash = "sha256:1aa567f8c3f19850ffd5d2858c9a8ea7c80f0db6c01186b71eb31e923ec984f5" },
    { url = "https://mirrors.cloud.tencent.com/pypi/packages/17/5b/77af31228f55f55a2a5112bb0077ad0a1c4d23dbb0c2853a62475bbdcc14/grpcio-1.83.0-cp312-cp312-win32.whl", hash = "sha256:cb2906c61db4f9c64cc360054b5df70eeb81846228e9e56a4944bd415a63dadc" },
    { url = "https://mirrors.cloud.tencent.com/pypi/packages/c0/da/f706e39550e7a3732ce2b9c5926107a93d74a802775b19b642a6df27dc96/grpcio-1.83.0-cp312-cp312-win_amd64.whl", hash = "sha256:1c699bbb20f143c8f2bff219de578aa2dc1f919399d67dc702b038b986ee62df" },
    { url = "https://mirrors.cloud.tencent.com/pypi/packages/56/eb/135daaa713f32d33b8f99b4153b3f8dc3b2a124996ac15581bf9ebdad3c3/grpcio-1.83.0-cp313-cp313-linux_armv7l.whl", hash = "sha256:6662f3b1e07cc7493d437351860dc867bddc6a93c83ecf33bbfdaf0c217ab2d0" },
    { url = "https://mirrors.cloud.tencent.com/pypi/packages/8f/a1/121806ce69f23138dabe06aa595b0e5f1ae051a37e4c1954eed7d692c800/grpcio-1.83.0-cp313-cp313-macosx_11_0_universal2.whl", hash = "sha256:74fe6f9e8a35c7dbf32255ee154d15e3e5338a81ed39173d079d594d2e544cd1" },
    { url = "https://mirrors.cloud.tencent.com/pypi/packages/b0/e8/d0389e09cd6b4c4d3089b92967ae4e3ffd64795bd349bf2f85cd6656d3da/grpcio-1.83.0-cp313-cp313-manylinux2014_aarch64.manylinux_2_17_aarch64.whl", hash = "sha256:10b3fa0475eb572c9a81a6fe37fa16a9c500c0c91cfc148cac15692b7e3c2867" },
    { url = "https://mirrors.cloud.tencent.com/pypi/packages/f8/51/f464c1d211fa50d5adbabe1b2e519948d99c13757052bfc9ea7afa28e284/grpcio-1.83.0-cp313-cp313-manylinux2014_i686.manylinux_2_17_i686.whl", hash = "sha256:5f20a988480b0f28207f057f7f7ae1313393c3cef0adcfeae8248f9947eaf881" },
    { url = "https://mirrors.cloud.tencent.com/pypi/packages/e8/c0/539fe0832f2dd6500a28f5263071623fb34e8d4867aec632ccf81bd21156/grpcio-1.83.0-cp313-cp313-manylinux2014_x86_64.manylinux_2_17_x86_64.whl", hash = "sha256:7bd82671b39065ba18cd536e9cd45b27ff649053f81ddd2c6a966d595067080f" },
    { url = "https://mirrors.cloud.tencent.com/pypi/packages/8c/ca/ccf617d37ffa72567fa8e005ec7090c99da922799be2fb9847c8b21ca18c/grpcio-1.83.0-cp313-cp313-musllinux_1_2_aarch64.whl", hash = "sha256:bc60215b5cb9fc8ca72942c498b551ac2305bd08f6ef8d4e3f0d21b64fbecd61" },
    { url = "https://mirrors.cloud.tencent.com/pypi/packages/eb/b9/fd8d5245f823a8e0fd35d90e20ea3aa4acd47f8d5318fa8df307df52dec6/grpcio-1.83.0-cp313-cp313-musllinux_1_2_i686.whl", hash = "sha256:f1c3e5689d4b90987b1d72022bcfe866a9a3dc66197484cf856d96b6150e7f45" },
    { url = "https://mirrors.cloud.tencent.com/pypi/packages/14/1e/f37632fc11db72dfa4bba86c3a43e54358e53030df111ecae5e91a733ad6/grpcio-1.83.0-cp313-cp313-musllinux_1_2_x86_64.whl", hash = "sha256:a21cb4eeeba124443f399be2e8b624943cde864dcbe588cb42e5c483a52a906c" },
    { url = "https://mirrors.cloud.tencent.com/pypi/packages/93/b6/d70b69ae5c0cfc341b9ba474980e4ed99cbf05c0e4a14e9eee8cb73db0a5/grpcio-1.83.0-cp313-cp313-win32.whl", hash = "sha256:8fe04f1050a59f875601eb55d42b4f66946fe89817f967e34db1462ccd07dadf" },
    { url = "https://mirrors.cloud.tencent.com/pypi/packages/0f/13/45d4cccb555cf4c476226979bf3d2fd0b0254216f7564c3a053e35117efc/grpcio-1.83.0-cp313-cp313-win_amd64.whl", hash = "sha256:6e01ecd9d8ef280abe1365138a4dc318f9a5287f4cb1b41d07816f796653f735" },
    { url = "https://mirrors.cloud.tencent.com/pypi/packages/9c/60/f2cca8147ea213d3e43ae9158d03ad04e020fdf32ff027253e1fe93f921d/grpcio-1.83.0-cp314-cp314-linux_armv7l.whl", hash = "sha256:3f351629f6ae16ecc0ec3553e586a6763ffd9f6114044286d0cbec3e09241bfa" },
    { url = "https://mirrors.cloud.tencent.com/pypi/packages/d0/ab/d3874931d123a95e83a3ebf8aa04537988fb62425cedb8bf3cefc5ad41b2/grpcio-1.83.0-cp314-cp314-macosx_11_0_universal2.whl", hash = "sha256:d05ff664100d429335b93c91b8b34ddf9e94a112205e7fa06dede309e44a4e4c" },
    { url = "https://mirrors.cloud.tencent.com/pypi/packages/92/ff/6f18f9426b69306f4e00a9add3b0ee2748da8aad53836ef80cab0d62d04f/grpcio-1.83.0-cp314-cp314-manylinux2014_aarch64.manylinux_2_17_aarch64.whl", hash = "sha256:7936f2a56cf04f6514705c0fedf400971de01b6aa1719327e4718f410a765e2b" },
    { url = "https://mirrors.cloud.tencent.com/pypi/packages/70/21/706d1147c6b93b98f179240c13991fbcc56880eba0c868abb1ad40d8a0a6/grpcio-1.83.0-cp314-cp314-manylinux2014_i686.manylinux_2_17_i686.whl", hash = "sha256:b0a0be840e51b6b7ee9df9269770faf77bdf4b771053c257c21d12bad607714c" },
    { url = "https://mirrors.cloud.tencent.com/pypi/packages/74/04/1a8443c889115ec9e213a213e86bc93a71ee9088027e5befa09aaa0edd9d/grpcio-1.83.0-cp314-cp314-manylinux2014_x86_64.manylinux_2_17_x86_64.whl", hash = "sha256:009667eaf3dcd5224c713589cdc98e7ca4ed0ff0b61132c6b276e930eb83a2df" },
    { url = "https://mirrors.cloud.tencent.com/pypi/packages/86/c6/94e0fee5b12bc1da1370185b680988db6f739d19b42d9959db01a7ea50bf/grpcio-1.83.0-cp314-cp314-musllinux_1_2_aarch64.whl", hash = "sha256:bb669918fd88936b15599caff4160a77ab74bdeb25f2231f6e45b61282d6107b" },
    { url = "https://mirrors.cloud.tencent.com/pypi/packages/a0/97/de1ccb671fb85575bc5192faedf9ecdbdf5b390d2e6584dcf552bcbd370e/grpcio-1.83.0-cp314-cp314-musllinux_1_2_i686.whl", hash = "sha256:c19b454d3d3f28db81f2c7c4dbaee96e7f6fd149721733ffe79d6bc530f17404" },
    { url = "https://mirrors.cloud.tencent.com/pypi/packages/17/0f/0e0ec749a7034ffcbaa050e39779872950ead90c22e7e0116be3f28b2b46/grpcio-1.83.0-cp314-cp314-musllinux_1_2_x86_64.whl", hash = "sha256:61007cd08640abc5c54547ee32505474c482cd733a53cb87551ea81faa6350af" },
    { url = "https://mirrors.cloud.tencent.com/pypi/packages/83/fa/c3fda157287f64bc65acee6c5aa90c41acf9e0d3a8e69a265eecff6d00a1/grpcio-1.83.0-cp314-cp314-win32.whl", hash = "sha256:32e11c37f5285b0c6fa3042c05fe06903696689749833fc64e67dec71b9bbe33" },
    { url = "https://mirrors.cloud.tencent.com/pypi/packages/a1/00/b1b26431c9d54eee11724fd6e5585473a2ed47fbc1fb95e5204906a642ce/grpcio-1.83.0-cp314-cp314-win_amd64.whl", hash = "sha256:2bb48cb5e6dd005ca12b89ce4b6ac0b48ff3112c747542ee7986ef611a8ca6d9" },
]

[[package]]
name = "grpcio-tools"
version = "1.83.0"
source = { registry = "https://mirrors.cloud.tencent.com/pypi/simple/" }
dependencies = [
    { name = "grpcio" },
    { name = "protobuf" },
    { name = "setuptools" },
]
sdist = { url = "https://mirrors.cloud.tencent.com/pypi/packages/c1/b1/50b17b3a2ba8970dbb00b2035a4df218bc6ec88d2d77fc7da4e42e1c7b19/grpcio_tools-1.83.0.tar.gz", hash = "sha256:515907265d14fa9975d0c7723f95a9da01463d7ac607546a03f8741f86a1bb07" }
wheels = [
    { url = "https://mirrors.cloud.tencent.com/pypi/packages/27/4d/02e4d809d880785a613697e4c0f8134a436ec0142dc3c11989ad1a1c787a/grpcio_tools-1.83.0-cp312-cp312-linux_armv7l.whl", hash = "sha256:bd93bbe18c4424805fd2e39854f75d76f80655175621254dc43cb45ec8e91e85" },
    { url = "https://mirrors.cloud.tencent.com/pypi/packages/01/c9/23e8423ac54c3858a5cfbca8a954fa292cab7b8a9a1ee9dc3259b906b763/grpcio_tools-1.83.0-cp312-cp312-macosx_11_0_universal2.whl", hash = "sha256:dc2d370563ee1ee6c1769e49df35ef3f6e75cea8f25acf4ac6e54b335e6f788f" },
    { url = "https://mirrors.cloud.tencent.com/pypi/packages/bf/a1/6eb17cf322bfbb76a9b9a8a5ca4a6b27f0af84821145969fc464feedaa0e/grpcio_tools-1.83.0-cp312-cp312-manylinux2014_aarch64.manylinux_2_17_aarch64.whl", hash = "sha256:8350e236470700b02bc4ba7f27a8796559630170e6527dda41c0344fbe988e56" },
    { url = "https://mirrors.cloud.tencent.com/pypi/packages/d4/84/f3c7e5e91e5d40ee792f112260bd329db5381de6f83b21387dd6163ebe51/grpcio_tools-1.83.0-cp312-cp312-manylinux2014_i686.manylinux_2_17_i686.whl", hash = "sha256:b1649f47c4675c1540ad2a77005f4d08392c06202686a0b1bb6b894f96cb75fe" },
    { url = "https://mirrors.cloud.tencent.com/pypi/packages/5f/ec/acd6c1800925b0d60f8a670b68cf5bc3566aee60e7cb90178b34253bf53a/grpcio_tools-1.83.0-cp312-cp312-manylinux2014_x86_64.manylinux_2_17_x86_64.whl", hash = "sha256:7d4edc6ba9fdca70bbf585ff6ab5971b8cd6140b4b316df66fd91d168bc1b617" },
    { url = "https://mirrors.cloud.tencent.com/pypi/packages/36/e6/c7c6f4e25b7344f1fbc5df69606bfd4b9692d4e32d17781c665d3ed45e70/grpcio_tools-1.83.0-cp312-cp312-musllinux_1_2_aarch64.whl", hash = "sha256:762a9f8a4a4a39bda02feebed94efb8d778e0e5a82d0c8f786dce5ddcb950c7f" },
    { url = "https://mirrors.cloud.tencent.com/pypi/packages/77/fc/9cbdc4606f378a9c2b569c0b6b57f181f97787006be4131a5820d469b70a/grpcio_tools-1.83.0-cp312-cp312-musllinux_1_2_i686.whl", hash = "sha256:c6c469c928a183f1a99ab26e263fe307347ee7023fa623b55bc778846b2f51b9" },
    { url = "https://mirrors.cloud.tencent.com/pypi/packages/7b/0b/3b754886a02ead1487a967fd11ff13e920218fcf6c8e174f6de0c26dd819/grpcio_tools-1.83.0-cp312-cp312-musllinux_1_2_x86_64.whl", hash = "sha256:7980b3ca9dd31c42468c5af8cec97037f83715ea6efbe1b936ecb9c6832ac0f5" },
    { url = "https://mirrors.cloud.tencent.com/pypi/packages/eb/29/4629c154853f6f677299cde014e615084c15ad1d4fedd6845d2e7d354c7e/grpcio_tools-1.83.0-cp312-cp312-win32.whl", hash = "sha256:fd2ff46917f566b3b63dae191d1b05ef2188fe51e756ef321cbdd707ab29dbfb" },
    { url = "https://mirrors.cloud.tencent.com/pypi/packages/bb/59/696b9671e32a693c67299724a1f70f81dfb78aca6a3283ea6a65d54e92b8/grpcio_tools-1.83.0-cp312-cp312-win_amd64.whl", hash = "sha256:92d2343806b5c21162a57fbaad24fcd8d935ef530f95a0f706a4e2546fdc0662" },
    { url = "https://mirrors.cloud.tencent.com/pypi/packages/63/2f/a7a4465b2a5b74b479373bf44d86da5840d7d20871764a39fb300e55e093/grpcio_tools-1.83.0-cp313-cp313-linux_armv7l.whl", hash = "sha256:3277cfbb7cbbd2d72921fbcd7aba6c8ab1c91a9ab27e8045ac0a0f2e0517cec9" },
    { url = "https://mirrors.cloud.tencent.com/pypi/packages/ab/69/ed8ebaae3bd0ecd2387b0fdb3a696bd4b4d4565d18589ee3ba7c6affcbed/grpcio_tools-1.83.0-cp313-cp313-macosx_11_0_universal2.whl", hash = "sha256:1aa9617ce9c2bcbfb8f2fa08e6259e1b3cadaab0316e41f71496847af2f0a664" },
    { url = "https://mirrors.cloud.tencent.com/pypi/packages/13/23/75bddae583077f1374c64e2a87b5924bdbffe162b3855af30c30a0fc8c5c/grpcio_tools-1.83.0-cp313-cp313-manylinux2014_aarch64.manylinux_2_17_aarch64.whl", hash = "sha256:ad37c786ea92825534466052f5f22f1f29983b1d00ca71ad43e256715a86bba3" },
    { url = "https://mirrors.cloud.tencent.com/pypi/packages/f2/ac/7e1b12b1c5afff4f7d578f3c4eafbb1849f8004ddcc236cd3ff95c8be607/grpcio_tools-1.83.0-cp313-cp313-manylinux2014_i686.manylinux_2_17_i686.whl", hash = "sha256:c82216864d435ecf6f535798d03e9f6b9025a672a2e815715d629aba4ba70349" },
    { url = "https://mirrors.cloud.tencent.com/pypi/packages/b8/6d/113291a7aad0c47a1e2ba2375595dfc3c2ab648e0ea05ff3d6f0f89055b3/grpcio_tools-1.83.0-cp313-cp313-manylinux2014_x86_64.manylinux_2_17_x86_64.whl", hash = "sha256:04284627655629387b63278591e5efd0aded28d3a08432fe8a8765e4daf2d5b2" },
    { url = "https://mirrors.cloud.tencent.com/pypi/packages/dd/c2/ce1c6c2475ed5cb0f7c6689bde57e3c105714676227da11b423ff37620a9/grpcio_tools-1.83.0-cp313-cp313-musllinux_1_2_aarch64.whl", hash = "sha256:4fe627a5248d8e712f5ec3e019420050e61b10600ed241264aefb379a0f1b338" },
    { url = "https://mirrors.cloud.tencent.com/pypi/packages/c5/53/823fd52c29630398706de400ce7003b03e17ce91df024fc53cde810d2758/grpcio_tools-1.83.0-cp313-cp313-musllinux_1_2_i686.whl", hash = "sha256:1d5a9a9664d2f4bdda000652e7febf9ab4545a6391c8f05babd52ecb27d7e03e" },
    { url = "https://mirrors.cloud.tencent.com/pypi/packages/30/85/942ee07caf97b75ead416c6ad5f2fb12b16b8bc92fa3d60bbbea4c06e076/grpcio_tools-1.83.0-cp313-cp313-musllinux_1_2_x86_64.whl", hash = "sha256:4bf0e421e1ab5f2cd638de44fc903aed3ba4a2fcb19b93c6f528ff0ec63e3a6a" },
    { url = "https://mirrors.cloud.tencent.com/pypi/packages/d4/0b/54cb428ea18912fa9541509fbc2e10f9807d96e88cf435f86e63c540ac25/grpcio_tools-1.83.0-cp313-cp313-win32.whl", hash = "sha256:7b1bd6db403b38addded54866187eba6f9ab9afadf72bb8d0515ed13f0b16c5c" },
    { url = "https://mirrors.cloud.tencent.com/pypi/packages/77/80/2369320766091f6daedb924d133037a9f8b84bfb3e4d02d6ccffcd57b0cd/grpcio_tools-1.83.0-cp313-cp313-win_amd64.whl", hash = "sha256:d654c645af7cf608a30644bffb8d1ef6b14e8846482c3d0131d0dda91f6fb590" },
    { url = "https://mirrors.cloud.tencent.com/pypi/packages/b2/bd/3abb9c200f90110805553ca0e8f7908a0b89485ea99bb271daa37eaafb72/grpcio_tools-1.83.0-cp314-cp314-linux_armv7l.whl", hash = "sha256:1ea047ff4bd2bb32fe5268042cb9c9e7bb054e932b52ad756642622f032ef656" },
    { url = "https://mirrors.cloud.tencent.com/pypi/packages/a2/46/d5beb04f0ffe552e55eaddd3413786e17a1fa68edb2fd8398969c38bc7e8/grpcio_tools-1.83.0-cp314-cp314-macosx_11_0_universal2.whl", hash = "sha256:7a8ac9cb3fbf7a5e4fe59f211e77b4fa4d51279c9f480e6ff98037cf56da1ad8" },
    { url = "https://mirrors.cloud.tencent.com/pypi/packages/40/1b/d8e01ca3281cb59722372c415024a7e70e8a653e70e2075e875394e4f761/grpcio_tools-1.83.0-cp314-cp314-manylinux2014_aarch64.manylinux_2_17_aarch64.whl", hash = "sha256:a5fa95fb33a600d2491867a1048f47baa27a830eac01f475043b8ccf63a471eb" },
    { url = "https://mirrors.cloud.tencent.com/pypi/packages/83/43/75b382d8f116e274ce639ec55a6908dc792627b01d3c47b4f8991701203b/grpcio_tools-1.83.0-cp314-cp314-manylinux2014_i686.manylinux_2_17_i686.whl", hash = "sha256:0ca67941524662e01adea91571bb79df1ac9b4b2641812ef8636e21945119bee" },
    { url = "https://mirrors.cloud.tencent.com/pypi/packages/0f/9f/200fb55729b735192fded061f53aa37c88cf9f58933cb108e16f5c1fd967/grpcio_tools-1.83.0-cp314-cp314-manylinux2014_x86_64.manylinux_2_17_x86_64.whl", hash = "sha256:e2a5816a5b6b06b42a6989f02944841c2a8b3daaa7f033dac9267f70078028ef" },
    { url = "https://mirrors.cloud.tencent.com/pypi/packages/d1/bc/e585c4e255599ec45f2e07e0f570352158354285afd65ef30ceda97b445e/grpcio_tools-1.83.0-cp314-cp314-musllinux_1_2_aarch64.whl", hash = "sha256:f4a83f002895b11c4a862c366d77165825e0064aff14bf2c7453f59f66599b0e" },
    { url = "https://mirrors.cloud.tencent.com/pypi/packages/4d/a1/0c098b4ff64d948666b79d0036ce104b8c2209e6f4d1594046044dcfa25d/grpcio_tools-1.83.0-cp314-cp314-musllinux_1_2_i686.whl", hash = "sha256:1cfee967ae073bc064862971871229248965422f38556096aec76db19d8a8c79" },
    { url = "https://mirrors.cloud.tencent.com/pypi/packages/d4/e1/249047aab0da8c6b3b2e0156e6868aa0b598973ddf53f59186c43664ff96/grpcio_tools-1.83.0-cp314-cp314-musllinux_1_2_x86_64.whl", hash = "sha256:f7e82ee718ae09f879cb832e4517a56691de24383a2da673be184ad8b18e452f" },
    { url = "https://mirrors.cloud.tencent.com/pypi/packages/39/aa/11a228c47acecde2e05715bda4480e5a695690e00776c1db391e5a02c1f7/grpcio_tools-1.83.0-cp314-cp314-win32.whl", hash = "sha256:846fd211ebb72f50d39d3874cc0d616c2b9bcb71db51121ca86af29eec013c74" },
    { url = "https://mirrors.cloud.tencent.com/pypi/packages/30/b1/d1f150b2ab3b4ae9932c05104fe1edbcb7fbf505587ea8db99e49341a05f/grpcio_tools-1.83.0-cp314-cp314-win_amd64.whl", hash = "sha256:b8c9686b0c19f70b63d8d6cfeff5ad3480bdedecd60f14711fe43950f5397253" },
]

[[package]]
name = "protobuf"
version = "7.36.0"
source = { registry = "https://mirrors.cloud.tencent.com/pypi/simple/" }
sdist = { url = "https://mirrors.cloud.tencent.com/pypi/packages/a7/e7/0553e21d25ca4d9f573135775348a372c3ec34a93a71d5f297c3bac38341/protobuf-7.36.0.tar.gz", hash = "sha256:e8e09cb0d794c6687926fa558a8a6e72aa10edb997d5ca61da0765f12a3e00ea" }
wheels = [
    { url = "https://mirrors.cloud.tencent.com/pypi/packages/8f/ae/58e3ca96cb2e118cc546b677359b3c6659f79a140935c08dec94c7998585/protobuf-7.36.0-cp310-abi3-macosx_10_9_universal2.whl", hash = "sha256:9103532dffd80c6fab7e50c65a31007680a06eb57537d437bb1b35812c138a37" },
    { url = "https://mirrors.cloud.tencent.com/pypi/packages/f0/15/5162230af4912697f0fe406f6800f80760945babcff0e2c2fe6c84ef2d5d/protobuf-7.36.0-cp310-abi3-manylinux2014_aarch64.whl", hash = "sha256:bf94a5917c71058262de683669bc0a797a7669d3de71f0b36d058e3194f47b44" },
    { url = "https://mirrors.cloud.tencent.com/pypi/packages/d7/09/1670b2bfc9a45e807e520c3e9be36524db9ccc7dc05ea17af7681cabdc61/protobuf-7.36.0-cp310-abi3-manylinux2014_s390x.whl", hash = "sha256:3297e60abdff301e5f74393d87f6cc59dacab5f024a89548a6e8de1d26576b16" },
    { url = "https://mirrors.cloud.tencent.com/pypi/packages/c7/f8/bd5804695ba400e423c33fd4d9f58c28d86633d5ba1945c36ff3967d98cb/protobuf-7.36.0-cp310-abi3-manylinux2014_x86_64.whl", hash = "sha256:70f5ec8eb0da81a44360c0dc0beac99a0d78071d21956a7076bae8bd2051841b" },
    { url = "https://mirrors.cloud.tencent.com/pypi/packages/ef/9f/acd02338235a3e7d03168c4303478347b7624fc8189ff4e7f0d2654bbe86/protobuf-7.36.0-cp310-abi3-win32.whl", hash = "sha256:7326fd717bdc419162a735938d89d4032332bcc3408804012b24ff3a37086071" },
    { url = "https://mirrors.cloud.tencent.com/pypi/packages/0e/4e/12cb93270967a2affff5b3f720694700d4d87712a67afd05c8cb3f6fa52c/protobuf-7.36.0-cp310-abi3-win_amd64.whl", hash = "sha256:1781cc1de61249b750848029bca452c0a8b7e990080316b9bbc2518b2117b488" },
    { url = "https://mirrors.cloud.tencent.com/pypi/packages/01/c3/629999e78d46c1115c11886d51c6bd68c17ce4a944f1ea3e153a91316a33/protobuf-7.36.0-py3-none-any.whl", hash = "sha256:53374d53fc29a67f7dbbf0ade47d7526a0f0137bf0f9c90e48d8a60790ef748c" },
]

[[package]]
name = "setuptools"
version = "84.0.0"
source = { registry = "https://mirrors.cloud.tencent.com/pypi/simple/" }
sdist = { url = "https://mirrors.cloud.tencent.com/pypi/packages/6d/44/f5da03a8ef95d369145c5bb53050e7877c9f3d312e128605fd9504829143/setuptools-84.0.0.tar.gz", hash = "sha256:f4695c21257f0d9b537ec2692c941d02ee143b7cc1276941349a546573b2ef73" }
wheels = [
    { url = "https://mirrors.cloud.tencent.com/pypi/packages/95/9c/c510029fc6ef33a6275cd2c5d3cecd6613dfd6aa401d57c54f1c18852ccf/setuptools-84.0.0-py3-none-any.whl", hash = "sha256:51a52592b3b99e102b609654876bd65f19f999935166d1352678931132b0c670" },
]

[[package]]
name = "teamviewrelay-load-tools"
version = "1.0.1"
source = { virtual = "." }
dependencies = [
    { name = "grpcio-tools" },
    { name = "protobuf" },
    { name = "websockets" },
]

[package.metadata]
requires-dist = [
    { name = "grpcio-tools", specifier = ">=1.76.0" },
    { name = "protobuf", specifier = ">=6.33.0" },
    { name = "websockets", specifier = ">=12.0" },
]

[[package]]
name = "typing-extensions"
version = "4.16.0"
source = { registry = "https://mirrors.cloud.tencent.com/pypi/simple/" }
sdist = { url = "https://mirrors.cloud.tencent.com/pypi/packages/f6/cc/6253133b5bb138fc3306cebfbda2c520f545d36b5be2c7255cc528bb45d6/typing_extensions-4.16.0.tar.gz", hash = "sha256:dc983d19a509c94dba722ee6abd33940f7c05a89e243c47e907eb4db6f1a43e5" }
wheels = [
    { url = "https://mirrors.cloud.tencent.com/pypi/packages/49/d3/b8441a820a491ddfc024b0b0cf0393375b75ea13866d9c66727e54c2fc80/typing_extensions-4.16.0-py3-none-any.whl", hash = "sha256:481caa481374e813c1b176ada14e97f1f67a4539ce9cfeb3f350d78d6370c2e8" },
]

[[package]]
name = "websockets"
version = "17.0.1"
source = { registry = "https://mirrors.cloud.tencent.com/pypi/simple/" }
sdist = { url = "https://mirrors.cloud.tencent.com/pypi/packages/f7/96/e01084f83a64bcb3a27994bd0cb0db68ff29d9c6707fae37ec19b18ba990/websockets-17.0.1.tar.gz", hash = "sha256:5baa9bc0dfbae8c507e51c8cf1b6d4628086f7a87bbd3a9952bd5f035451f1cc" }
wheels = [
    { url = "https://mirrors.cloud.tencent.com/pypi/packages/50/ff/6199a52d864215750af8668d84b0274775011a90052081f5a9495807a92b/websockets-17.0.1-cp312-cp312-macosx_10_13_universal2.whl", hash = "sha256:10f461191125c63902ea7394ae9e752b1b5785641850c1d365bb30b0f88bc53f" },
    { url = "https://mirrors.cloud.tencent.com/pypi/packages/54/7e/439a962bcada88dcf586da77a1b2385f91e2d2910e9359540934c827156b/websockets-17.0.1-cp312-cp312-macosx_10_13_x86_64.whl", hash = "sha256:cffc84ddec6da7f447677266fee2a3c40ecc78172f00752aa1150b8a8d65df1d" },
    { url = "https://mirrors.cloud.tencent.com/pypi/packages/d9/82/123660edc759c225626b3b91952c7625f85c77a8362acbc35a4623120f7d/websockets-17.0.1-cp312-cp312-macosx_11_0_arm64.whl", hash = "sha256:c23e532c8a2325a1e7486de8763a60dc43e83f01bcaeca07e3ba79652c156db1" },
    { url = "https://mirrors.cloud.tencent.com/pypi/packages/cd/2f/2940e57080cf56f28190287516400126d5a76b52b9a61dc10ba6f6400dbe/websockets-17.0.1-cp312-cp312-manylinux1_i686.manylinux_2_28_i686.manylinux_2_5_i686.whl", hash = "sha256:c09e097d0e46e3c289bedab9a475ae344b70c30ff5646e46af22b4e6fdc97b21" },
    { url = "https://mirrors.cloud.tencent.com/pypi/packages/42/28/9ec976c16d63cc51c28dfec74b66854048c0b8b6579946e902f91b69e8bf/websockets-17.0.1-cp312-cp312-manylinux1_x86_64.manylinux_2_28_x86_64.manylinux_2_5_x86_64.whl", hash = "sha256:f47b0815af3948ec6a440b3afa02f05b18cc0939549e91b5c677b5d9c2c8472a" },
    { url = "https://mirrors.cloud.tencent.com/pypi/packages/f4/a4/850c699a16bbc451723856360c59bd997bec075e637154f3fa96e80d5760/websockets-17.0.1-cp312-cp312-manylinux2014_aarch64.manylinux_2_17_aarch64.manylinux_2_28_aarch64.whl", hash = "sha256:8848c207049ad49d318e5f64a3d4d7bb189f8328d0d98e65647788f2a085785c" },
    { url = "https://mirrors.cloud.tencent.com/pypi/packages/47/e1/f60a891c1a4b3420d5052333a84eb7241e1fb4a71866dec1562f5fa30027/websockets-17.0.1-cp312-cp312-manylinux2014_armv7l.manylinux_2_17_armv7l.manylinux_2_31_armv7l.whl", hash = "sha256:2604de7228506b13a44a256a9d223943340c0e725af5d367dc068e192b027761" },
    { url = "https://mirrors.cloud.tencent.com/pypi/packages/26/fb/e2a893be6fae4fddfe50ddc3035a331d3f381103d5467b7900026bdb3a64/websockets-17.0.1-cp312-cp312-manylinux2014_ppc64le.manylinux_2_17_ppc64le.manylinux_2_28_ppc64le.whl", hash = "sha256:07abc3bd196a48af476a82fd47f3f79a6a3f70937a9f930cef703cfa0c9d83b6" },
    { url = "https://mirrors.cloud.tencent.com/pypi/packages/d9/72/e3144b2d79276fab9798ed7d4aea2f0847434f186800b6f56a1eddcb3114/websockets-17.0.1-cp312-cp312-manylinux2014_s390x.manylinux_2_17_s390x.manylinux_2_28_s390x.whl", hash = "sha256:769ce7e2acfd9a89f2bed3a9c0da229459516bbc00bd4c9e2ca492c613ae4861" },
    { url = "https://mirrors.cloud.tencent.com/pypi/packages/c0/5e/69c02174fbcf1c40c6adc45d3c316a401558392fe7bab8969ef8c46f1689/websockets-17.0.1-cp312-cp312-manylinux_2_31_riscv64.manylinux_2_39_riscv64.whl", hash = "sha256:07d78a509c3333f5908c83d7f78144ea68a6c9ec28110f5c54d81d8fcdc262c4" },
    { url = "https://mirrors.cloud.tencent.com/pypi/packages/b3/09/7574778b095b99cfa0856583462f56568df784f9b41485145169b2ec9c64/websockets-17.0.1-cp312-cp312-musllinux_1_2_aarch64.whl", hash = "sha256:ffad64ce7ad3703d652a3fd9af26238377d24ce52c6ad8ff35d26d82f61f493f" },
    { url = "https://mirrors.cloud.tencent.com/pypi/packages/c5/e6/f46571f38765dbc4cbc0d0b47de8db65768006dbbd4340e6f5f51bc1d895/websockets-17.0.1-cp312-cp312-musllinux_1_2_armv7l.whl", hash = "sha256:e95e321d0d763f2b6633512605f6112ebd70d5746f3ce05c941909d4a25233f2" },
    { url = "https://mirrors.cloud.tencent.com/pypi/packages/9d/31/6ff1fee057bd7e9dd5237fc064a749615378d003aa045b5bfc2d12b2f4f7/websockets-17.0.1-cp312-cp312-musllinux_1_2_i686.whl", hash = "sha256:cd526c8228e759c1006c4b7c9ac71dc4e925ced1a6a6a5a8e94643709738f63e" },
    { url = "https://mirrors.cloud.tencent.com/pypi/packages/7a/4f/d41847227a44b9ad87c3d5a9fddbfad8b7c4d6032878d8460d9d37c2d44f/websockets-17.0.1-cp312-cp312-musllinux_1_2_ppc64le.whl", hash = "sha256:8cd3369e42c0246afaf9d669cfc19797e3a49e8c0a639544459c57597108b966" },
    { url = "https://mirrors.cloud.tencent.com/pypi/packages/63/30/21a7e326c6ad2eb526cd5b816383d59cdeb28b8805b65a543c3cfbd8e8ce/websockets-17.0.1-cp312-cp312-musllinux_1_2_riscv64.whl", hash = "sha256:b580794e926cab7ff42ee4371ef14e0b22cb2bb722a607f77769136468f49a3f" },
    { url = "https://mirrors.cloud.tencent.com/pypi/packages/2d/48/55b0331cd5bec9ce29748f79edc00075805450a47011d0c8e3b1c61dbf04/websockets-17.0.1-cp312-cp312-musllinux_1_2_s390x.whl", hash = "sha256:5033ffe6804dd53afafa7d08e8c3eef2d2431f34d58ca30507a8442dd04a033a" },
    { url = "https://mirrors.cloud.tencent.com/pypi/packages/78/6e/2e8bc06e546f49b32a58a2bc2957902d1809ecc37552d3d7ccd6639a126e/websockets-17.0.1-cp312-cp312-musllinux_1_2_x86_64.whl", hash = "sha256:6db9e5bf3649ab506c6ae8a3ac85a00fb1ae3816d75962771b2df8adbc5d40d2" },
    { url = "https://mirrors.cloud.tencent.com/pypi/packages/b0/ad/4bac01fa41aca54307157b9c9f68b066a6bb51fb18716ba618078a67b283/websockets-17.0.1-cp312-cp312-win32.whl", hash = "sha256:bc0bca48ba24c6c866847fd20478a51dd547fa0ad258dab9615c414ec534bbc0" },
    { url = "https://mirrors.cloud.tencent.com/pypi/packages/82/d8/c3a78cccc74a554780e9e76e323d5cde891048627025f0f82623e22dc3df/websockets-17.0.1-cp312-cp312-win_amd64.whl", hash = "sha256:2b3f3020171202b135ca078e20434977c6b2b02af647130d6980c9e39b9462e3" },
    { url = "https://mirrors.cloud.tencent.com/pypi/packages/7b/25/e1b8824bd632c8a5a62d504b61e9e35e470b67e4be0206f5c28f90c7f86d/websockets-17.0.1-cp312-cp312-win_arm64.whl", hash = "sha256:41d6aa06b5ab832aee72fedf47a149535b121ac900b6bb4d3fe14712afac9a79" },
    { url = "https://mirrors.cloud.tencent.com/pypi/packages/ba/a8/79c577bc2f874ee22f6f5ccdab97ba9ce6b96806be3fcc3a6d8490f88a21/websockets-17.0.1-cp313-cp313-macosx_10_13_universal2.whl", hash = "sha256:55b12e47dcee83673a40d07686cfb6f9d6dfc285976ade9463f61d2bef3fad22" },
    { url = "https://mirrors.cloud.tencent.com/pypi/packages/db/99/e1cfaf419bb3b2fcfd6792a846f1d936293132b0b9a56530ced016c83c7b/websockets-17.0.1-cp313-cp313-macosx_10_13_x86_64.whl", hash = "sha256:c1c118a6b0e25bfc9a6802075d748fa6321714ffbdf3c88d29d9a0e3c7386c75" },
    { url = "https://mirrors.cloud.tencent.com/pypi/packages/a2/ef/cc994494bf7d97e41833f6ff55c24f535e4d527a10370b9631737e9c2f00/websockets-17.0.1-cp313-cp313-macosx_11_0_arm64.whl", hash = "sha256:734d20364dc2cfe03674883cafcf580b6e431c5ce42b476312b9285310230cf9" },
    { url = "https://mirrors.cloud.tencent.com/pypi/packages/87/32/fbf2d132f63ba3e67f675bccf333469786a24e0418969ce1d8e6ff9e6f02/websockets-17.0.1-cp313-cp313-manylinux1_i686.manylinux_2_28_i686.manylinux_2_5_i686.whl", hash = "sha256:9493314a99e599163c854fb5900ad7f7ea38c5cb9d9103aa30b3c6b8181c01fa" },
    { url = "https://mirrors.cloud.tencent.com/pypi/packages/16/50/64eee3d25a47fe744a9490e0627cc373dca096755db740f91c28bd61cd35/websockets-17.0.1-cp313-cp313-manylinux1_x86_64.manylinux_2_28_x86_64.manylinux_2_5_x86_64.whl", hash = "sha256:18ded646ce98cdd3c0235825b3252f1df55765ba49b616bb10282f758667b4d0" },
    { url = "https://mirrors.cloud.tencent.com/pypi/packages/15/56/10ed4bc4dd75f204e3c62bd4898e44a8742a27773c80b188cfa7888aad2d/websockets-17.0.1-cp313-cp313-manylinux2014_aarch64.manylinux_2_17_aarch64.manylinux_2_28_aarch64.whl", hash = "sha256:c1bec5d6a19f5fbe87e4940739cfc65e7bb53d8b353e1029b8037a1653b321bc" },
    { url = "https://mirrors.cloud.tencent.com/pypi/packages/bf/be/bb14328614c068ab09569962fbf218fc00413ce3febc6d2684c764b6f37e/websockets-17.0.1-cp313-cp313-manylinux2014_armv7l.manylinux_2_17_armv7l.manylinux_2_31_armv7l.whl", hash = "sha256:872273e629ca7e3d35f16a2dc6ede84e1d5c831e616b8277de6e4f83114e7c58" },
    { url = "https://mirrors.cloud.tencent.com/pypi/packages/32/1b/4cb0eec2fee310007104687493175af190019f705940c864f9c523fe9f6f/websockets-17.0.1-cp313-cp313-manylinux2014_ppc64le.manylinux_2_17_ppc64le.manylinux_2_28_ppc64le.whl", hash = "sha256:1df81d174c1561292de9e40b141cafc04f69077272f6c352afe1d743e20810df" },
    { url = "https://mirrors.cloud.tencent.com/pypi/packages/6c/9c/14e6391de777ddb39c439c450deb551406d445e25a5877d6fa25c49d4544/websockets-17.0.1-cp313-cp313-manylinux2014_s390x.manylinux_2_17_s390x.manylinux_2_28_s390x.whl", hash = "sha256:759adeb5b0c5775b563254ec63b5b79089fc0045b479143a0b1b8c0ebaae1253" },
    { url = "https://mirrors.cloud.tencent.com/pypi/packages/cb/57/96e94e384442247bbed5d3ab67381c7257355c2d66b62c3ad33a17f5d385/websockets-17.0.1-cp313-cp313-manylinux_2_31_riscv64.manylinux_2_39_riscv64.whl", hash = "sha256:4d1d99db29b5444e3982f1ce2ba8a833508ad44b2f1fbd0bd99e81d825c0b461" },
    { url = "https://mirrors.cloud.tencent.com/pypi/packages/c0/8c/9c9dedd14c3919435df9b35cdee7111268c751252b87652f3a6a4f56e760/websockets-17.0.1-cp313-cp313-musllinux_1_2_aarch64.whl", hash = "sha256:02ed63bf26dda9fa27df730a41f6664586c4ee05972c8fb667ce1725b3fd13d3" },
    { url = "https://mirrors.cloud.tencent.com/pypi/packages/94/4d/ca73c2ac82c00f50c529784bacb323e42da4816333211bc1543d90c9cf11/websockets-17.0.1-cp313-cp313-musllinux_1_2_armv7l.whl", hash = "sha256:eab6de8a98b9a7772cf686d00b4de439fc7efb8ab05ae106ef227291d06f87c5" },
    { url = "https://mirrors.cloud.tencent.com/pypi/packages/5b/da/fb37ac09dcd7c69dd73bac979ed393df35f78a3c232e293d1ff3bd586d24/websockets-17.0.1-cp313-cp313-musllinux_1_2_i686.whl", hash = "sha256:2a855b6dfe21c4d3420be265ae031829ba8ba0be0ea350d9f7c3ef30ae63ebe2" },
    { url = "https://mirrors.cloud.tencent.com/pypi/packages/fc/04/9693f191d968a93f37326a17301a101d49580889c688f466699f89ecdee1/websockets-17.0.1-cp313-cp313-musllinux_1_2_ppc64le.whl", hash = "sha256:7002d5f9e1c3ddd991cdfdbfee18cc8c8b196b2445022892badacd6cb338bbbc" },
    { url = "https://mirrors.cloud.tencent.com/pypi/packages/cf/29/ad0d85c01db5dcf22898d51648bd2c25af0dd0a4a41c550b11acddeeeba7/websockets-17.0.1-cp313-cp313-musllinux_1_2_riscv64.whl", hash = "sha256:c395bda8e7d8f51a02e80261fb57127979e5c472675d9a96b2860619ad47da48" },
    { url = "https://mirrors.cloud.tencent.com/pypi/packages/18/3b/bf8e855e495dcca63f2b8aa019cf2ada3160e1fa66d833c7417f3b1f7f38/websockets-17.0.1-cp313-cp313-musllinux_1_2_s390x.whl", hash = "sha256:aadc298969ad229d8e3029fc5cc751fdad286696230f9cf014e90ff9cd8e6ea0" },
    { url = "https://mirrors.cloud.tencent.com/pypi/packages/3b/db/c7abd6639a93a40279cd1ddc57e09e1c4f8381c4cfccdb775aa5aac9770a/websockets-17.0.1-cp313-cp313-musllinux_1_2_x86_64.whl", hash = "sha256:f11a398d8170b7ac5000baf7f258dcda579ef3ea744e0cc6a165e0dfbc0d3198" },
    { url = "https://mirrors.cloud.tencent.com/pypi/packages/f6/2a/25a9f8f2e5a6ef34e911d2f55d9f756bdeb92b4c28cfb77b8430bbc73cb1/websockets-17.0.1-cp313-cp313-win32.whl", hash = "sha256:846a4a8b0833e3cad57523d9e3bd50ec8ea05ab9d06c582f82a1340ba096af5f" },
    { url = "https://mirrors.cloud.tencent.com/pypi/packages/81/2f/ea1380f72bb11b64fc5bc7ae0d42de5bbf3e6dc13b965706b2a1d4e17cdf/websockets-17.0.1-cp313-cp313-win_amd64.whl", hash = "sha256:409d93efcaa14f7a99592c5baaef5ec6ca94fba0f5aec1a86f693977c69c9c1c" },
    { url = "https://mirrors.cloud.tencent.com/pypi/packages/e6/c7/b956ed9151c3c74530ebc62d716fbfdbde7507a6acc6423a64f9ecfb6b8a/websockets-17.0.1-cp313-cp313-win_arm64.whl", hash = "sha256:90246fa9e6cb192a778ce6ce024057ec54317a894db7899c922dcdc1f4cbf6a5" },
    { url = "https://mirrors.cloud.tencent.com/pypi/packages/98/dc/cadab608924ac605647031472fb1f8792d7d4ea07565ba1899ec42028e0d/websockets-17.0.1-cp314-cp314-macosx_10_15_universal2.whl", hash = "sha256:53b90c00bc6201ab6695c7ff51a04d0e425514c37515e9eeecd2c1b978ac6c0e" },
    { url = "https://mirrors.cloud.tencent.com/pypi/packages/16/7a/b034d13ca181211bbd58bb50835cb196a7784cd505b5a2079d4d03374f9f/websockets-17.0.1-cp314-cp314-macosx_10_15_x86_64.whl", hash = "sha256:5f33a649bfcb8312524173cc4bbafa7dbb236e18eee9aa31a1d324ca0ddda28c" },
    { url = "https://mirrors.cloud.tencent.com/pypi/packages/2f/4d/943ede39b53744768edf1ed84a3f9401527388228a3d6c1249c02c3d6bd7/websockets-17.0.1-cp314-cp314-macosx_11_0_arm64.whl", hash = "sha256:cddc675ec31bca65473321f9a9794e488b43b3b8de5d02c8ef4810c5d5792163" },
    { url = "https://mirrors.cloud.tencent.com/pypi/packages/cf/e3/88dc159d2ae66743c669443246243f28d873b0c5e58271b8cc1ca0440334/websockets-17.0.1-cp314-cp314-manylinux1_i686.manylinux_2_28_i686.manylinux_2_5_i686.whl", hash = "sha256:b3ff0ad440ad52dda64138f16895f66403f40192365e39b1010e889f289746b0" },
    { url = "https://mirrors.cloud.tencent.com/pypi/packages/fe/f2/ff27eaefa15851a5cf7f004ab827a022bf2d6632cb520f89cb100db7e84b/websockets-17.0.1-cp314-cp314-manylinux1_x86_64.manylinux_2_28_x86_64.manylinux_2_5_x86_64.whl", hash = "sha256:72d7f2a5aeb4e82daa4ee18f125b4277f427033359be5c745ad709608446cc2c" },
    { url = "https://mirrors.cloud.tencent.com/pypi/packages/19/2e/a5166149f363d2449c1cb2dde6486a245521979509d53b87a09f3e79662b/websockets-17.0.1-cp314-cp314-manylinux2014_aarch64.manylinux_2_17_aarch64.manylinux_2_28_aarch64.whl", hash = "sha256:6fd88365da261c53d3e943fb37e0d0721b9cde119f6b2e3fc84369b6ab234d63" },
    { url = "https://mirrors.cloud.tencent.com/pypi/packages/9b/b5/f46931269b3ff3bde65d27c65ddb22f9bb8ce92ac2c6c4df0910128f6219/websockets-17.0.1-cp314-cp314-manylinux2014_armv7l.manylinux_2_17_armv7l.manylinux_2_31_armv7l.whl", hash = "sha256:ab9f962a5b64a5c3c845d556b7dc4e6fb683f7b67179f8205e814bb2e0213ffe" },
    { url = "https://mirrors.cloud.tencent.com/pypi/packages/42/f4/deccf3439f35df953ec35e13fe07986821c5f1ab5785d69614283bdb9034/websockets-17.0.1-cp314-cp314-manylinux2014_ppc64le.manylinux_2_17_ppc64le.manylinux_2_28_ppc64le.whl", hash = "sha256:8c07f145d0b9e90cbd96035f31fb79199aef4da1872854e36ebeb258e3d57594" },
    { url = "https://mirrors.cloud.tencent.com/pypi/packages/35/a5/e1b57a59da92ade37fd021567a17b518ea8267b28e5530075844cdb525fe/websockets-17.0.1-cp314-cp314-manylinux2014_s390x.manylinux_2_17_s390x.manylinux_2_28_s390x.whl", hash = "sha256:9f7747d3daa41a11f25f7cca5dc988fc51da97b311bed4c9d843860f79779283" },
    { url = "https://mirrors.cloud.tencent.com/pypi/packages/f0/30/e7d0889c790a854156de424575fd67af79ddbaed9ff3157ae863dfd1c1dc/websockets-17.0.1-cp314-cp314-manylinux_2_31_riscv64.manylinux_2_39_riscv64.whl", hash = "sha256:2abb1ba0a5133b7d2ef3c1c9f4b0c1e8a101012dce0b594ab2b2888d9a64820e" },
    { url = "https://mirrors.cloud.tencent.com/pypi/packages/09/2e/43db785d6ed9ae7594fae7b62bbc9cb4dfee2b015e06a1005f1e5ce283b6/websockets-17.0.1-cp314-cp314-musllinux_1_2_aarch64.whl", hash = "sha256:f3fd9a1f87f8f0f3f8e9f9bd0195f7516562d13f5b178db8c5784d1f60b60bed" },
    { url = "https://mirrors.cloud.tencent.com/pypi/packages/eb/f5/4ac3cab3d5e8a830657a822f64a8910e3803229c6783e59c3fd9a3487427/websockets-17.0.1-cp314-cp314-musllinux_1_2_armv7l.whl", hash = "sha256:2bc14b481e05e331811108daa1aeb41a5e237a5564ef2f02ec5a356a0f102f78" },
    { url = "https://mirrors.cloud.tencent.com/pypi/packages/03/0e/c3a4020673ffc17c82cf1a467835038a196a555d3b4f2a50f0f063cf8ccc/websockets-17.0.1-cp314-cp314-musllinux_1_2_i686.whl", hash = "sha256:57d2ee9b24b404ce75f3814f92073c0ed88106c950148d2427fe8d25ca254d1f" },
    { url = "https://mirrors.cloud.tencent.com/pypi/packages/7d/87/e47a6a278cc1dfade38444c893ce18322943c25d4b780a74450d9d164be1/websockets-17.0.1-cp314-cp314-musllinux_1_2_ppc64le.whl", hash = "sha256:1b363bfd72a52c0658a3154a4cff219f15a474b35a235057d38853bf151acce7" },
    { url = "https://mirrors.cloud.tencent.com/pypi/packages/da/8f/473d5fc4e3836e375b0233c6ef26777e6e5e3f7bfc84ccd524eae4090ed5/websockets-17.0.1-cp314-cp314-musllinux_1_2_riscv64.whl", hash = "sha256:10b1587c599fa0f2c89154587c80e0fda98ade6c9fa8c0260a2823fb1800b685" },
    { url = "https://mirrors.cloud.tencent.com/pypi/packages/d4/b9/819ec2dcdf69031d7e9cab11247f3a6ff9bbc8c7c53ada1dbcb9055b227b/websockets-17.0.1-cp314-cp314-musllinux_1_2_s390x.whl", hash = "sha256:d7d72843691f50b91127c50688df10cb72ec6f4c4b1d7e2c11ab33b16acf8e51" },
    { url = "https://mirrors.cloud.tencent.com/pypi/packages/85/b9/6c0da301f6118502e079cf92f4e864adf28e56b3f8c0f6085076ced7b876/websockets-17.0.1-cp314-cp314-musllinux_1_2_x86_64.whl", hash = "sha256:90973a3a00f23afdfd1c9b06fb84289bf0220f247ef8a62501a1967c7af54f7b" },
    { url = "https://mirrors.cloud.tencent.com/pypi/packages/55/f9/cba32dc9dd856565263d6272f594255bd0e2781deb8cd982c026a54760ad/websockets-17.0.1-cp314-cp314-win32.whl", hash = "sha256:599b03beb77633bffc095334338fad79cafc2b01fbd58953838130a9ae967d7b" },
    { url = "https://mirrors.cloud.tencent.com/pypi/packages/fa/95/91cdd8c192287d7ea741f37cf7d64fdc1a14410f06f73805e428a1a590af/websockets-17.0.1-cp314-cp314-win_amd64.whl", hash = "sha256:81ce19c6046ace11da7001781be7317bb1dc389f399af4b2ed962190f76f9add" },
    { url = "https://mirrors.cloud.tencent.com/pypi/packages/8e/fd/8c98a1e431960661c5769ab1a4dd66494e87ab02d791cc79e51e0d9a289f/websockets-17.0.1-cp314-cp314-win_arm64.whl", hash = "sha256:efe0ae052a8d023b87198921e8a7ce1dc7768816bcd2fbc20df171ac73a04891" },
    { url = "https://mirrors.cloud.tencent.com/pypi/packages/13/c1/142f5186ee7dc3beee0426b998a79e223e067b7689afcaa95890d64aa800/websockets-17.0.1-cp314-cp314t-macosx_10_15_universal2.whl", hash = "sha256:ab56439c9f74c52770690c7b2f616b3bf775cb3920453ee355ac765c032d8bbf" },
    { url = "https://mirrors.cloud.tencent.com/pypi/packages/02/de/4b03ed316c9dee180365286c298219809ff247be39beeaaf9958b21167ab/websockets-17.0.1-cp314-cp314t-macosx_10_15_x86_64.whl", hash = "sha256:20a92f78ac8250984ed459faa9ca48c285adbfc0038ddc3fdac6046990a9c9ed" },
    { url = "https://mirrors.cloud.tencent.com/pypi/packages/cd/d8/ad2b3e8f867e1e8cac3077e2f33ffb60b71bd763d6cfc71bd916f113c3bf/websockets-17.0.1-cp314-cp314t-macosx_11_0_arm64.whl", hash = "sha256:6a434e59962a4fb9016bea327e1d14d6cd67670ecfb8942b4f4a0c24036634ce" },
    { url = "https://mirrors.cloud.tencent.com/pypi/packages/48/18/7a77a82ce9d6f831c07b176da3942f7e71acd0f115f3ecdb1d00a040eb01/websockets-17.0.1-cp314-cp314t-manylinux1_i686.manylinux_2_28_i686.manylinux_2_5_i686.whl", hash = "sha256:2503c7e2a5049a12d5dac917a46d5d52591283a766165b8176bb167560421b38" },
    { url = "https://mirrors.cloud.tencent.com/pypi/packages/f5/af/43c3e3c3ea7ba4693c2181743f3221957df28bededadcbd9fc8a0661bde0/websockets-17.0.1-cp314-cp314t-manylinux1_x86_64.manylinux_2_28_x86_64.manylinux_2_5_x86_64.whl", hash = "sha256:28012a54510fe8301bb893ef143cec30a2780a2d3bc20b7bbdf4379d7a63945d" },
    { url = "https://mirrors.cloud.tencent.com/pypi/packages/1f/bd/ed48eca15725743ee7e2dc172e15c61de29e85ec98dace7b14257f366836/websockets-17.0.1-cp314-cp314t-manylinux2014_aarch64.manylinux_2_17_aarch64.manylinux_2_28_aarch64.whl", hash = "sha256:22bd00f8bae2bccdb5dbe41e20f58ba44ca9fff0b4b561aaf39099c35da762ed" },
    { url = "https://mirrors.cloud.tencent.com/pypi/packages/99/50/838deb7937a8225c4925dd4a977eafea473fabf444178a99de0bc7e92bb0/websockets-17.0.1-cp314-cp314t-manylinux2014_armv7l.manylinux_2_17_armv7l.manylinux_2_31_armv7l.whl", hash = "sha256:e98ec9ec61cce5bc4b8b218322ad090b0994eb060bb04da704c62ef0a3d864e6" },
    { url = "https://mirrors.cloud.tencent.com/pypi/packages/f8/e9/657fb70c6eb6bcd01adfa5d2b06496e9911e1c1a8813d353b8c00f7591cd/websockets-17.0.1-cp314-cp314t-manylinux2014_ppc64le.manylinux_2_17_ppc64le.manylinux_2_28_ppc64le.whl", hash = "sha256:8e387adb0c692c6b5571bdeafc8ac9d1901ea30f10309134780b16ecd35e6605" },
    { url = "https://mirrors.cloud.tencent.com/pypi/packages/07/4c/82cb722afa5428fed981331210c4c07600570db01bb1620579f655b5adaf/websockets-17.0.1-cp314-cp314t-manylinux2014_s390x.manylinux_2_17_s390x.manylinux_2_28_s390x.whl", hash = "sha256:bd1470d2c53fe53269bf5619da7725d30dd9b9693f1689f7a85eab8dea734442" },
    { url = "https://mirrors.cloud.tencent.com/pypi/packages/90/84/bd6d67d6bc65f0de0cb50de55dab42f256a9876a351c4736522eb168fda0/websockets-17.0.1-cp314-cp314t-manylinux_2_31_riscv64.manylinux_2_39_riscv64.whl", hash = "sha256:884af729b8ab50486acd94d9768c2b60914bf39b579ebba0a5cb73bfdfd61fd2" },
    { url = "https://mirrors.cloud.tencent.com/pypi/packages/96/cb/6a372c8553976f0d8f97f5115826ed47e34b3be6b8bf0d0249af249a7416/websockets-17.0.1-cp314-cp314t-musllinux_1_2_aarch64.whl", hash = "sha256:a60fa1a25cca1bcc2bf87b8d6be37a741f0a3239fb5e9cfb7a37173b68ffcf87" },
    { url = "https://mirrors.cloud.tencent.com/pypi/packages/bc/31/f966e8472337974f74d788b3ef6c6f3b8b9a5f201efd16a843c91d269fa5/websockets-17.0.1-cp314-cp314t-musllinux_1_2_armv7l.whl", hash = "sha256:e8208f2729cba030ff872a92064c97584eeb9502f53d32a05a0f05d5a17ca6c6" },
    { url = "https://mirrors.cloud.tencent.com/pypi/packages/57/34/404e83a6cc7b0efcac810b7041bffd72ff76900e6fd0aa45a26c92fb2ffe/websockets-17.0.1-cp314-cp314t-musllinux_1_2_i686.whl", hash = "sha256:54cdcaa56f5d3eafd57058f0fa4a3de93a310b43a3c4699f06efc4c0bd054a5a" },
    { url = "https://mirrors.cloud.tencent.com/pypi/packages/e5/70/8946188c2a68d67251859b589a3634918cf7867bf0b891347a5ecaa43d30/websockets-17.0.1-cp314-cp314t-musllinux_1_2_ppc64le.whl", hash = "sha256:4d41c0a1d47a478bc432b3b9068097bee1ce0c5b19327ea6f75c2ab34ab1f2fb" },
    { url = "https://mirrors.cloud.tencent.com/pypi/packages/04/16/ee73fc2083a2938ac6209f4ec804960496835b20a0068dbcfe8424957c04/websockets-17.0.1-cp314-cp314t-musllinux_1_2_riscv64.whl", hash = "sha256:f991247276797d0c61ab7770bc9791eadc16f683b4d83517f624932adc1a8bab" },
    { url = "https://mirrors.cloud.tencent.com/pypi/packages/94/6a/d5f88033c69932af6cdaa72da62516ade47c257e3bf69f4c0ba5f40e12a2/websockets-17.0.1-cp314-cp314t-musllinux_1_2_s390x.whl", hash = "sha256:733e3cc7171fa1b899edbe725ef9382d0e960657dc1fd933f3281ae910c01dab" },
    { url = "https://mirrors.cloud.tencent.com/pypi/packages/e1/2e/6183dd2c0370287ecf4afe0bb33aca364208e5e7b0e1a286adcaecc0c78b/websockets-17.0.1-cp314-cp314t-musllinux_1_2_x86_64.whl", hash = "sha256:810cb3fb5fa6e447216f4e82d9a85cb8aed0929ae3538153ddfe8a6e3121a58d" },
    { url = "https://mirrors.cloud.tencent.com/pypi/packages/26/93/70f6516d85b9744f7eac224c4b1b9ef4e84133f80b53be02080cb1c3e663/websockets-17.0.1-cp314-cp314t-win32.whl", hash = "sha256:17ac37716c0244e82c9e384c41653c090b1864c6610224ca3857e7f7b58fce10" },
    { url = "https://mirrors.cloud.tencent.com/pypi/packages/f1/2c/9d9c1da5a7ea9af307b386d25f64d1dead4729644198d2b92e36db5dfd41/websockets-17.0.1-cp314-cp314t-win_amd64.whl", hash = "sha256:bb31f42ea095ea826463c770829aa188a86c9a5c976b1467cbbf583c811de833" },
    { url = "https://mirrors.cloud.tencent.com/pypi/packages/5b/24/a585e7573e128070605d003b5544729bcd58d9756c7e99d550818ca4b916/websockets-17.0.1-cp314-cp314t-win_arm64.whl", hash = "sha256:dbfae8e75b342e31fc6fd1a8bbb393b7cbb91d6cfd581650300a94381e7b7e2b" },
    { url = "https://mirrors.cloud.tencent.com/pypi/packages/09/ce/3929538b2b9918f5eee623fbf3346893973191f6df93f19bbda097bd7bb7/websockets-17.0.1-py3-none-any.whl", hash = "sha256:c6be9cba65c65cc76dfa3d4619e359ff02a4476c74e179b215236c11a0b32345" },
]
